
Microsoft Visual Studio Solution File, Format Version 12.00
# Visual Studio Version 16
VisualStudioVersion = 16.0.30330.147
MinimumVisualStudioVersion = 10.0.40219.1
Project("{FAE04EC0-301F-11D3-BF4B-00C04F79EFBC}") = "Bank_Accounts", "Bank_Accounts.csproj", "{D748CCD6-E80A-4E79-A92A-BE624A713B8D}"
EndProject
Global
	GlobalSection(SolutionConfigurationPlatforms) = preSolution
		Debug|Any CPU = Debug|Any CPU
		Release|Any CPU = Release|Any CPU
	EndGlobalSection
	GlobalSection(ProjectConfigurationPlatforms) = postSolution
		{D748CCD6-E80A-4E79-A92A-BE624A713B8D}.Debug|Any CPU.ActiveCfg = Debug|Any CPU
		{D748CCD6-E80A-4E79-A92A-BE624A713B8D}.Debug|Any CPU.Build.0 = Debug|Any CPU
		{D748CCD6-E80A-4E79-A92A-BE624A713B8D}.Release|Any CPU.ActiveCfg = Release|Any CPU
		{D748CCD6-E80A-4E79-A92A-BE624A713B8D}.Release|Any CPU.Build.0 = Release|Any CPU
	EndGlobalSection
	GlobalSection(SolutionProperties) = preSolution
		HideSolutionNode = FALSE
	EndGlobalSection
	GlobalSection(ExtensibilityGlobals) = postSolution
		SolutionGuid = {ACF5CCEB-02C1-4390-A165-5072A760AB94}
	EndGlobalSection
EndGlobal
